// !$*UTF8*$!
{
	archiveVersion = 1;
	classes = {
	};
	objectVersion = 56;
	objects = {

/* Begin PBXBuildFile section */
		9411B3A02AE7924C002ECDF8 /* SignInViewController.swift in Sources */ = {isa = PBXBuildFile; fileRef = 9411B39E2AE7924C002ECDF8 /* SignInViewController.swift */; };
		9411B3A12AE7924C002ECDF8 /* SignInViewController.xib in Resources */ = {isa = PBXBuildFile; fileRef = 9411B39F2AE7924C002ECDF8 /* SignInViewController.xib */; };
		941D1B4F2ADE6464007842FE /* HomeViewController.swift in Sources */ = {isa = PBXBuildFile; fileRef = 941D1B4D2ADE6463007842FE /* HomeViewController.swift */; };
		941D1B502ADE6464007842FE /* HomeViewController.xib in Resources */ = {isa = PBXBuildFile; fileRef = 941D1B4E2ADE6463007842FE /* HomeViewController.xib */; };
		941D1B532ADE64B0007842FE /* ProfileViewController.swift in Sources */ = {isa = PBXBuildFile; fileRef = 941D1B512ADE64B0007842FE /* ProfileViewController.swift */; };
		941D1B542ADE64B0007842FE /* ProfileViewController.xib in Resources */ = {isa = PBXBuildFile; fileRef = 941D1B522ADE64B0007842FE /* ProfileViewController.xib */; };
		941D1B572ADE64C2007842FE /* SelectedViewController.swift in Sources */ = {isa = PBXBuildFile; fileRef = 941D1B552ADE64C2007842FE /* SelectedViewController.swift */; };
		941D1B582ADE64C2007842FE /* SelectedViewController.xib in Resources */ = {isa = PBXBuildFile; fileRef = 941D1B562ADE64C2007842FE /* SelectedViewController.xib */; };
		941D1B602ADE6CCF007842FE /* MovieModel.swift in Sources */ = {isa = PBXBuildFile; fileRef = 941D1B5F2ADE6CCF007842FE /* MovieModel.swift */; };
		941D1B632ADE78F7007842FE /* NetworkRequest.swift in Sources */ = {isa = PBXBuildFile; fileRef = 941D1B622ADE78F7007842FE /* NetworkRequest.swift */; };
		941D1B652ADE79A3007842FE /* NetworkMoviesFetch.swift in Sources */ = {isa = PBXBuildFile; fileRef = 941D1B642ADE79A3007842FE /* NetworkMoviesFetch.swift */; };
		941D1B682ADE9F97007842FE /* MovieTableViewCell.swift in Sources */ = {isa = PBXBuildFile; fileRef = 941D1B662ADE9F97007842FE /* MovieTableViewCell.swift */; };
		941D1B692ADE9F97007842FE /* MovieTableViewCell.xib in Resources */ = {isa = PBXBuildFile; fileRef = 941D1B672ADE9F97007842FE /* MovieTableViewCell.xib */; };
		941D1B6D2ADEADF1007842FE /* Kingfisher in Frameworks */ = {isa = PBXBuildFile; productRef = 941D1B6C2ADEADF1007842FE /* Kingfisher */; };
		94993F1E2ADDC8740010ABF6 /* AppDelegate.swift in Sources */ = {isa = PBXBuildFile; fileRef = 94993F1D2ADDC8740010ABF6 /* AppDelegate.swift */; };
		94993F202ADDC8740010ABF6 /* SceneDelegate.swift in Sources */ = {isa = PBXBuildFile; fileRef = 94993F1F2ADDC8740010ABF6 /* SceneDelegate.swift */; };
		94993F222ADDC8740010ABF6 /* MainTabBarViewController.swift in Sources */ = {isa = PBXBuildFile; fileRef = 94993F212ADDC8740010ABF6 /* MainTabBarViewController.swift */; };
		94993F272ADDC8750010ABF6 /* Assets.xcassets in Resources */ = {isa = PBXBuildFile; fileRef = 94993F262ADDC8750010ABF6 /* Assets.xcassets */; };
		94993F2A2ADDC8750010ABF6 /* LaunchScreen.storyboard in Resources */ = {isa = PBXBuildFile; fileRef = 94993F282ADDC8750010ABF6 /* LaunchScreen.storyboard */; };
		94C1738B2AE7990800737FA1 /* CustomTextField.swift in Sources */ = {isa = PBXBuildFile; fileRef = 94C1738A2AE7990800737FA1 /* CustomTextField.swift */; };
		94C1738E2AE79AC600737FA1 /* KeychainSwift in Frameworks */ = {isa = PBXBuildFile; productRef = 94C1738D2AE79AC600737FA1 /* KeychainSwift */; };
		94C173912AE79BAA00737FA1 /* SwiftKeychainWrapper in Frameworks */ = {isa = PBXBuildFile; productRef = 94C173902AE79BAA00737FA1 /* SwiftKeychainWrapper */; };
		94C173972AE7B31D00737FA1 /* CoreDataStack.swift in Sources */ = {isa = PBXBuildFile; fileRef = 94C173962AE7B31D00737FA1 /* CoreDataStack.swift */; };
		94C1739A2AE7B4A500737FA1 /* SavedMovieDataModel.xcdatamodeld in Sources */ = {isa = PBXBuildFile; fileRef = 94C173982AE7B4A500737FA1 /* SavedMovieDataModel.xcdatamodeld */; };
/* End PBXBuildFile section */

/* Begin PBXFileReference section */
		9411B39E2AE7924C002ECDF8 /* SignInViewController.swift */ = {isa = PBXFileReference; lastKnownFileType = sourcecode.swift; path = SignInViewController.swift; sourceTree = "<group>"; };
		9411B39F2AE7924C002ECDF8 /* SignInViewController.xib */ = {isa = PBXFileReference; lastKnownFileType = file.xib; path = SignInViewController.xib; sourceTree = "<group>"; };
		941D1B4D2ADE6463007842FE /* HomeViewController.swift */ = {isa = PBXFileReference; lastKnownFileType = sourcecode.swift; path = HomeViewController.swift; sourceTree = "<group>"; };
		941D1B4E2ADE6463007842FE /* HomeViewController.xib */ = {isa = PBXFileReference; lastKnownFileType = file.xib; path = HomeViewController.xib; sourceTree = "<group>"; };
		941D1B512ADE64B0007842FE /* ProfileViewController.swift */ = {isa = PBXFileReference; lastKnownFileType = sourcecode.swift; path = ProfileViewController.swift; sourceTree = "<group>"; };
		941D1B522ADE64B0007842FE /* ProfileViewController.xib */ = {isa = PBXFileReference; lastKnownFileType = file.xib; path = ProfileViewController.xib; sourceTree = "<group>"; };
		941D1B552ADE64C2007842FE /* SelectedViewController.swift */ = {isa = PBXFileReference; lastKnownFileType = sourcecode.swift; path = SelectedViewController.swift; sourceTree = "<group>"; };
		941D1B562ADE64C2007842FE /* SelectedViewController.xib */ = {isa = PBXFileReference; lastKnownFileType = file.xib; path = SelectedViewController.xib; sourceTree = "<group>"; };
		941D1B5F2ADE6CCF007842FE /* MovieModel.swift */ = {isa = PBXFileReference; lastKnownFileType = sourcecode.swift; path = MovieModel.swift; sourceTree = "<group>"; };
		941D1B622ADE78F7007842FE /* NetworkRequest.swift */ = {isa = PBXFileReference; lastKnownFileType = sourcecode.swift; path = NetworkRequest.swift; sourceTree = "<group>"; };
		941D1B642ADE79A3007842FE /* NetworkMoviesFetch.swift */ = {isa = PBXFileReference; lastKnownFileType = sourcecode.swift; path = NetworkMoviesFetch.swift; sourceTree = "<group>"; };
		941D1B662ADE9F97007842FE /* MovieTableViewCell.swift */ = {isa = PBXFileReference; lastKnownFileType = sourcecode.swift; path = MovieTableViewCell.swift; sourceTree = "<group>"; };
		941D1B672ADE9F97007842FE /* MovieTableViewCell.xib */ = {isa = PBXFileReference; lastKnownFileType = file.xib; path = MovieTableViewCell.xib; sourceTree = "<group>"; };
		94993F1A2ADDC8740010ABF6 /* ITunes-movie-app.app */ = {isa = PBXFileReference; explicitFileType = wrapper.application; includeInIndex = 0; path = "ITunes-movie-app.app"; sourceTree = BUILT_PRODUCTS_DIR; };
		94993F1D2ADDC8740010ABF6 /* AppDelegate.swift */ = {isa = PBXFileReference; lastKnownFileType = sourcecode.swift; path = AppDelegate.swift; sourceTree = "<group>"; };
		94993F1F2ADDC8740010ABF6 /* SceneDelegate.swift */ = {isa = PBXFileReference; lastKnownFileType = sourcecode.swift; path = SceneDelegate.swift; sourceTree = "<group>"; };
		94993F212ADDC8740010ABF6 /* MainTabBarViewController.swift */ = {isa = PBXFileReference; lastKnownFileType = sourcecode.swift; path = MainTabBarViewController.swift; sourceTree = "<group>"; };
		94993F262ADDC8750010ABF6 /* Assets.xcassets */ = {isa = PBXFileReference; lastKnownFileType = folder.assetcatalog; path = Assets.xcassets; sourceTree = "<group>"; };
		94993F292ADDC8750010ABF6 /* Base */ = {isa = PBXFileReference; lastKnownFileType = file.storyboard; name = Base; path = Base.lproj/LaunchScreen.storyboard; sourceTree = "<group>"; };
		94993F2B2ADDC8750010ABF6 /* Info.plist */ = {isa = PBXFileReference; lastKnownFileType = text.plist.xml; path = Info.plist; sourceTree = "<group>"; };
		94C1738A2AE7990800737FA1 /* CustomTextField.swift */ = {isa = PBXFileReference; lastKnownFileType = sourcecode.swift; path = CustomTextField.swift; sourceTree = "<group>"; };
		94C173962AE7B31D00737FA1 /* CoreDataStack.swift */ = {isa = PBXFileReference; lastKnownFileType = sourcecode.swift; path = CoreDataStack.swift; sourceTree = "<group>"; };
		94C173992AE7B4A500737FA1 /* SavedMovieDataModel.xcdatamodel */ = {isa = PBXFileReference; lastKnownFileType = wrapper.xcdatamodel; path = SavedMovieDataModel.xcdatamodel; sourceTree = "<group>"; };
/* End PBXFileReference section */

/* Begin PBXFrameworksBuildPhase section */
		94993F172ADDC8740010ABF6 /* Frameworks */ = {
			isa = PBXFrameworksBuildPhase;
			buildActionMask = 2147483647;
			files = (
				94C1738E2AE79AC600737FA1 /* KeychainSwift in Frameworks */,
				941D1B6D2ADEADF1007842FE /* Kingfisher in Frameworks */,
				94C173912AE79BAA00737FA1 /* SwiftKeychainWrapper in Frameworks */,
			);
			runOnlyForDeploymentPostprocessing = 0;
		};
/* End PBXFrameworksBuildPhase section */

/* Begin PBXGroup section */
		9411B3A22AE79253002ECDF8 /* SignIn */ = {
			isa = PBXGroup;
			children = (
				9411B39E2AE7924C002ECDF8 /* SignInViewController.swift */,
				9411B39F2AE7924C002ECDF8 /* SignInViewController.xib */,
			);
			path = SignIn;
			sourceTree = "<group>";
		};
		941D1B4C2ADE6440007842FE /* Controllers */ = {
			isa = PBXGroup;
			children = (
				941D1B5C2ADE64F7007842FE /* Home */,
				941D1B5B2ADE64ED007842FE /* Profile */,
				941D1B592ADE64CF007842FE /* Selected */,
				9411B3A22AE79253002ECDF8 /* SignIn */,
			);
			path = Controllers;
			sourceTree = "<group>";
		};
		941D1B592ADE64CF007842FE /* Selected */ = {
			isa = PBXGroup;
			children = (
				941D1B552ADE64C2007842FE /* SelectedViewController.swift */,
				941D1B562ADE64C2007842FE /* SelectedViewController.xib */,
			);
			path = Selected;
			sourceTree = "<group>";
		};
		941D1B5B2ADE64ED007842FE /* Profile */ = {
			isa = PBXGroup;
			children = (
				941D1B512ADE64B0007842FE /* ProfileViewController.swift */,
				941D1B522ADE64B0007842FE /* ProfileViewController.xib */,
			);
			path = Profile;
			sourceTree = "<group>";
		};
		941D1B5C2ADE64F7007842FE /* Home */ = {
			isa = PBXGroup;
			children = (
				941D1B4D2ADE6463007842FE /* HomeViewController.swift */,
				941D1B4E2ADE6463007842FE /* HomeViewController.xib */,
			);
			path = Home;
			sourceTree = "<group>";
		};
		941D1B5D2ADE6C23007842FE /* Models */ = {
			isa = PBXGroup;
			children = (
				941D1B5F2ADE6CCF007842FE /* MovieModel.swift */,
			);
			path = Models;
			sourceTree = "<group>";
		};
		941D1B5E2ADE6C36007842FE /* Managers */ = {
			isa = PBXGroup;
			children = (
				941D1B612ADE78E2007842FE /* Network */,
			);
			path = Managers;
			sourceTree = "<group>";
		};
		941D1B612ADE78E2007842FE /* Network */ = {
			isa = PBXGroup;
			children = (
				941D1B622ADE78F7007842FE /* NetworkRequest.swift */,
				941D1B642ADE79A3007842FE /* NetworkMoviesFetch.swift */,
			);
			path = Network;
			sourceTree = "<group>";
		};
		941D1B6A2ADE9F9D007842FE /* View */ = {
			isa = PBXGroup;
			children = (
				94C173892AE798F600737FA1 /* Custom */,
				941D1B662ADE9F97007842FE /* MovieTableViewCell.swift */,
				941D1B672ADE9F97007842FE /* MovieTableViewCell.xib */,
			);
			path = View;
			sourceTree = "<group>";
		};
		94993F112ADDC8740010ABF6 = {
			isa = PBXGroup;
			children = (
				94993F1C2ADDC8740010ABF6 /* ITunes-movie-app */,
				94993F1B2ADDC8740010ABF6 /* Products */,
			);
			sourceTree = "<group>";
		};
		94993F1B2ADDC8740010ABF6 /* Products */ = {
			isa = PBXGroup;
			children = (
				94993F1A2ADDC8740010ABF6 /* ITunes-movie-app.app */,
			);
			name = Products;
			sourceTree = "<group>";
		};
		94993F1C2ADDC8740010ABF6 /* ITunes-movie-app */ = {
			isa = PBXGroup;
			children = (
				94C173922AE7B22500737FA1 /* CoreData */,
				941D1B5E2ADE6C36007842FE /* Managers */,
				941D1B6A2ADE9F9D007842FE /* View */,
				941D1B5D2ADE6C23007842FE /* Models */,
				941D1B4C2ADE6440007842FE /* Controllers */,
				94993F1D2ADDC8740010ABF6 /* AppDelegate.swift */,
				94993F1F2ADDC8740010ABF6 /* SceneDelegate.swift */,
				94993F212ADDC8740010ABF6 /* MainTabBarViewController.swift */,
				94993F262ADDC8750010ABF6 /* Assets.xcassets */,
				94993F282ADDC8750010ABF6 /* LaunchScreen.storyboard */,
				94993F2B2ADDC8750010ABF6 /* Info.plist */,
			);
			path = "ITunes-movie-app";
			sourceTree = "<group>";
		};
		94C173892AE798F600737FA1 /* Custom */ = {
			isa = PBXGroup;
			children = (
				94C1738A2AE7990800737FA1 /* CustomTextField.swift */,
			);
			path = Custom;
			sourceTree = "<group>";
		};
		94C173922AE7B22500737FA1 /* CoreData */ = {
			isa = PBXGroup;
			children = (
				94C173962AE7B31D00737FA1 /* CoreDataStack.swift */,
				94C173982AE7B4A500737FA1 /* SavedMovieDataModel.xcdatamodeld */,
			);
			path = CoreData;
			sourceTree = "<group>";
		};
/* End PBXGroup section */

/* Begin PBXNativeTarget section */
		94993F192ADDC8740010ABF6 /* ITunes-movie-app */ = {
			isa = PBXNativeTarget;
			buildConfigurationList = 94993F2E2ADDC8750010ABF6 /* Build configuration list for PBXNativeTarget "ITunes-movie-app" */;
			buildPhases = (
				94993F162ADDC8740010ABF6 /* Sources */,
				94993F172ADDC8740010ABF6 /* Frameworks */,
				94993F182ADDC8740010ABF6 /* Resources */,
			);
			buildRules = (
			);
			dependencies = (
			);
			name = "ITunes-movie-app";
			packageProductDependencies = (
				941D1B6C2ADEADF1007842FE /* Kingfisher */,
				94C1738D2AE79AC600737FA1 /* KeychainSwift */,
				94C173902AE79BAA00737FA1 /* SwiftKeychainWrapper */,
			);
			productName = "ITunes-movie-app";
			productReference = 94993F1A2ADDC8740010ABF6 /* ITunes-movie-app.app */;
			productType = "com.apple.product-type.application";
		};
/* End PBXNativeTarget section */

/* Begin PBXProject section */
		94993F122ADDC8740010ABF6 /* Project object */ = {
			isa = PBXProject;
			attributes = {
				BuildIndependentTargetsInParallel = 1;
				LastSwiftUpdateCheck = 1430;
				LastUpgradeCheck = 1430;
				TargetAttributes = {
					94993F192ADDC8740010ABF6 = {
						CreatedOnToolsVersion = 14.3.1;
					};
				};
			};
			buildConfigurationList = 94993F152ADDC8740010ABF6 /* Build configuration list for PBXProject "ITunes-movie-app" */;
			compatibilityVersion = "Xcode 14.0";
			developmentRegion = en;
			hasScannedForEncodings = 0;
			knownRegions = (
				en,
				Base,
			);
			mainGroup = 94993F112ADDC8740010ABF6;
			packageReferences = (
				941D1B6B2ADEADF1007842FE /* XCRemoteSwiftPackageReference "Kingfisher" */,
				94C1738C2AE79AC600737FA1 /* XCRemoteSwiftPackageReference "keychain-swift" */,
				94C1738F2AE79BAA00737FA1 /* XCRemoteSwiftPackageReference "SwiftKeychainWrapper" */,
			);
			productRefGroup = 94993F1B2ADDC8740010ABF6 /* Products */;
			projectDirPath = "";
			projectRoot = "";
			targets = (
				94993F192ADDC8740010ABF6 /* ITunes-movie-app */,
			);
		};
/* End PBXProject section */

/* Begin PBXResourcesBuildPhase section */
		94993F182ADDC8740010ABF6 /* Resources */ = {
			isa = PBXResourcesBuildPhase;
			buildActionMask = 2147483647;
			files = (
				941D1B582ADE64C2007842FE /* SelectedViewController.xib in Resources */,
				94993F2A2ADDC8750010ABF6 /* LaunchScreen.storyboard in Resources */,
				941D1B692ADE9F97007842FE /* MovieTableViewCell.xib in Resources */,
				94993F272ADDC8750010ABF6 /* Assets.xcassets in Resources */,
				9411B3A12AE7924C002ECDF8 /* SignInViewController.xib in Resources */,
				941D1B542ADE64B0007842FE /* ProfileViewController.xib in Resources */,
				941D1B502ADE6464007842FE /* HomeViewController.xib in Resources */,
			);
			runOnlyForDeploymentPostprocessing = 0;
		};
/* End PBXResourcesBuildPhase section */

/* Begin PBXSourcesBuildPhase section */
		94993F162ADDC8740010ABF6 /* Sources */ = {
			isa = PBXSourcesBuildPhase;
			buildActionMask = 2147483647;
			files = (
				9411B3A02AE7924C002ECDF8 /* SignInViewController.swift in Sources */,
				941D1B682ADE9F97007842FE /* MovieTableViewCell.swift in Sources */,
				941D1B602ADE6CCF007842FE /* MovieModel.swift in Sources */,
				94993F222ADDC8740010ABF6 /* MainTabBarViewController.swift in Sources */,
				941D1B632ADE78F7007842FE /* NetworkRequest.swift in Sources */,
				941D1B572ADE64C2007842FE /* SelectedViewController.swift in Sources */,
				94C1739A2AE7B4A500737FA1 /* SavedMovieDataModel.xcdatamodeld in Sources */,
				94993F1E2ADDC8740010ABF6 /* AppDelegate.swift in Sources */,
				94C173972AE7B31D00737FA1 /* CoreDataStack.swift in Sources */,
				941D1B532ADE64B0007842FE /* ProfileViewController.swift in Sources */,
				94C1738B2AE7990800737FA1 /* CustomTextField.swift in Sources */,
				94993F202ADDC8740010ABF6 /* SceneDelegate.swift in Sources */,
				941D1B4F2ADE6464007842FE /* HomeViewController.swift in Sources */,
				941D1B652ADE79A3007842FE /* NetworkMoviesFetch.swift in Sources */,
			);
			runOnlyForDeploymentPostprocessing = 0;
		};
/* End PBXSourcesBuildPhase section */

/* Begin PBXVariantGroup section */
		94993F282ADDC8750010ABF6 /* LaunchScreen.storyboard */ = {
			isa = PBXVariantGroup;
			children = (
				94993F292ADDC8750010ABF6 /* Base */,
			);
			name = LaunchScreen.storyboard;
			sourceTree = "<group>";
		};
/* End PBXVariantGroup section */

/* Begin XCBuildConfiguration section */
		94993F2C2ADDC8750010ABF6 /* Debug */ = {
			isa = XCBuildConfiguration;
			buildSettings = {
				ALWAYS_SEARCH_USER_PATHS = NO;
				CLANG_ANALYZER_NONNULL = YES;
				CLANG_ANALYZER_NUMBER_OBJECT_CONVERSION = YES_AGGRESSIVE;
				CLANG_CXX_LANGUAGE_STANDARD = "gnu++20";
				CLANG_ENABLE_MODULES = YES;
				CLANG_ENABLE_OBJC_ARC = YES;
				CLANG_ENABLE_OBJC_WEAK = YES;
				CLANG_WARN_BLOCK_CAPTURE_AUTORELEASING = YES;
				CLANG_WARN_BOOL_CONVERSION = YES;
				CLANG_WARN_COMMA = YES;
				CLANG_WARN_CONSTANT_CONVERSION = YES;
				CLANG_WARN_DEPRECATED_OBJC_IMPLEMENTATIONS = YES;
				CLANG_WARN_DIRECT_OBJC_ISA_USAGE = YES_ERROR;
				CLANG_WARN_DOCUMENTATION_COMMENTS = YES;
				CLANG_WARN_EMPTY_BODY = YES;
				CLANG_WARN_ENUM_CONVERSION = YES;
				CLANG_WARN_INFINITE_RECURSION = YES;
				CLANG_WARN_INT_CONVERSION = YES;
				CLANG_WARN_NON_LITERAL_NULL_CONVERSION = YES;
				CLANG_WARN_OBJC_IMPLICIT_RETAIN_SELF = YES;
				CLANG_WARN_OBJC_LITERAL_CONVERSION = YES;
				CLANG_WARN_OBJC_ROOT_CLASS = YES_ERROR;
				CLANG_WARN_QUOTED_INCLUDE_IN_FRAMEWORK_HEADER = YES;
				CLANG_WARN_RANGE_LOOP_ANALYSIS = YES;
				CLANG_WARN_STRICT_PROTOTYPES = YES;
				CLANG_WARN_SUSPICIOUS_MOVE = YES;
				CLANG_WARN_UNGUARDED_AVAILABILITY = YES_AGGRESSIVE;
				CLANG_WARN_UNREACHABLE_CODE = YES;
				CLANG_WARN__DUPLICATE_METHOD_MATCH = YES;
				COPY_PHASE_STRIP = NO;
				DEBUG_INFORMATION_FORMAT = dwarf;
				ENABLE_STRICT_OBJC_MSGSEND = YES;
				ENABLE_TESTABILITY = YES;
				GCC_C_LANGUAGE_STANDARD = gnu11;
				GCC_DYNAMIC_NO_PIC = NO;
				GCC_NO_COMMON_BLOCKS = YES;
				GCC_OPTIMIZATION_LEVEL = 0;
				GCC_PREPROCESSOR_DEFINITIONS = (
					"DEBUG=1",
					"$(inherited)",
				);
				GCC_WARN_64_TO_32_BIT_CONVERSION = YES;
				GCC_WARN_ABOUT_RETURN_TYPE = YES_ERROR;
				GCC_WARN_UNDECLARED_SELECTOR = YES;
				GCC_WARN_UNINITIALIZED_AUTOS = YES_AGGRESSIVE;
				GCC_WARN_UNUSED_FUNCTION = YES;
				GCC_WARN_UNUSED_VARIABLE = YES;
				IPHONEOS_DEPLOYMENT_TARGET = 16.4;
				MTL_ENABLE_DEBUG_INFO = INCLUDE_SOURCE;
				MTL_FAST_MATH = YES;
				ONLY_ACTIVE_ARCH = YES;
				SDKROOT = iphoneos;
				SWIFT_ACTIVE_COMPILATION_CONDITIONS = DEBUG;
				SWIFT_OPTIMIZATION_LEVEL = "-Onone";
			};
			name = Debug;
		};
		94993F2D2ADDC8750010ABF6 /* Release */ = {
			isa = XCBuildConfiguration;
			buildSettings = {
				ALWAYS_SEARCH_USER_PATHS = NO;
				CLANG_ANALYZER_NONNULL = YES;
				CLANG_ANALYZER_NUMBER_OBJECT_CONVERSION = YES_AGGRESSIVE;
				CLANG_CXX_LANGUAGE_STANDARD = "gnu++20";
				CLANG_ENABLE_MODULES = YES;
				CLANG_ENABLE_OBJC_ARC = YES;
				CLANG_ENABLE_OBJC_WEAK = YES;
				CLANG_WARN_BLOCK_CAPTURE_AUTORELEASING = YES;
				CLANG_WARN_BOOL_CONVERSION = YES;
				CLANG_WARN_COMMA = YES;
				CLANG_WARN_CONSTANT_CONVERSION = YES;
				CLANG_WARN_DEPRECATED_OBJC_IMPLEMENTATIONS = YES;
				CLANG_WARN_DIRECT_OBJC_ISA_USAGE = YES_ERROR;
				CLANG_WARN_DOCUMENTATION_COMMENTS = YES;
				CLANG_WARN_EMPTY_BODY = YES;
				CLANG_WARN_ENUM_CONVERSION = YES;
				CLANG_WARN_INFINITE_RECURSION = YES;
				CLANG_WARN_INT_CONVERSION = YES;
				CLANG_WARN_NON_LITERAL_NULL_CONVERSION = YES;
				CLANG_WARN_OBJC_IMPLICIT_RETAIN_SELF = YES;
				CLANG_WARN_OBJC_LITERAL_CONVERSION = YES;
				CLANG_WARN_OBJC_ROOT_CLASS = YES_ERROR;
				CLANG_WARN_QUOTED_INCLUDE_IN_FRAMEWORK_HEADER = YES;
				CLANG_WARN_RANGE_LOOP_ANALYSIS = YES;
				CLANG_WARN_STRICT_PROTOTYPES = YES;
				CLANG_WARN_SUSPICIOUS_MOVE = YES;
				CLANG_WARN_UNGUARDED_AVAILABILITY = YES_AGGRESSIVE;
				CLANG_WARN_UNREACHABLE_CODE = YES;
				CLANG_WARN__DUPLICATE_METHOD_MATCH = YES;
				COPY_PHASE_STRIP = NO;
				DEBUG_INFORMATION_FORMAT = "dwarf-with-dsym";
				ENABLE_NS_ASSERTIONS = NO;
				ENABLE_STRICT_OBJC_MSGSEND = YES;
				GCC_C_LANGUAGE_STANDARD = gnu11;
				GCC_NO_COMMON_BLOCKS = YES;
				GCC_WARN_64_TO_32_BIT_CONVERSION = YES;
				GCC_WARN_ABOUT_RETURN_TYPE = YES_ERROR;
				GCC_WARN_UNDECLARED_SELECTOR = YES;
				GCC_WARN_UNINITIALIZED_AUTOS = YES_AGGRESSIVE;
				GCC_WARN_UNUSED_FUNCTION = YES;
				GCC_WARN_UNUSED_VARIABLE = YES;
				IPHONEOS_DEPLOYMENT_TARGET = 16.4;
				MTL_ENABLE_DEBUG_INFO = NO;
				MTL_FAST_MATH = YES;
				SDKROOT = iphoneos;
				SWIFT_COMPILATION_MODE = wholemodule;
				SWIFT_OPTIMIZATION_LEVEL = "-O";
				VALIDATE_PRODUCT = YES;
			};
			name = Release;
		};
		94993F2F2ADDC8750010ABF6 /* Debug */ = {
			isa = XCBuildConfiguration;
			buildSettings = {
				ASSETCATALOG_COMPILER_APPICON_NAME = AppIcon;
				ASSETCATALOG_COMPILER_GLOBAL_ACCENT_COLOR_NAME = AccentColor;
				CODE_SIGN_STYLE = Automatic;
				CURRENT_PROJECT_VERSION = 1;
				DEVELOPMENT_TEAM = 7UWUYJ2WNQ;
				GENERATE_INFOPLIST_FILE = YES;
				INFOPLIST_FILE = "ITunes-movie-app/Info.plist";
				INFOPLIST_KEY_UIApplicationSupportsIndirectInputEvents = YES;
				INFOPLIST_KEY_UILaunchStoryboardName = LaunchScreen;
				INFOPLIST_KEY_UISupportedInterfaceOrientations_iPad = "UIInterfaceOrientationPortrait UIInterfaceOrientationPortraitUpsideDown UIInterfaceOrientationLandscapeLeft UIInterfaceOrientationLandscapeRight";
				INFOPLIST_KEY_UISupportedInterfaceOrientations_iPhone = "UIInterfaceOrientationPortrait UIInterfaceOrientationLandscapeLeft UIInterfaceOrientationLandscapeRight";
				LD_RUNPATH_SEARCH_PATHS = (
					"$(inherited)",
					"@executable_path/Frameworks",
				);
				MARKETING_VERSION = 1.0;
				PRODUCT_BUNDLE_IDENTIFIER = "com.test.task.ITunes-movie-app";
				PRODUCT_NAME = "$(TARGET_NAME)";
				SWIFT_EMIT_LOC_STRINGS = YES;
				SWIFT_VERSION = 5.0;
				TARGETED_DEVICE_FAMILY = "1,2";
			};
			name = Debug;
		};
		94993F302ADDC8750010ABF6 /* Release */ = {
			isa = XCBuildConfiguration;
			buildSettings = {
				ASSETCATALOG_COMPILER_APPICON_NAME = AppIcon;
				ASSETCATALOG_COMPILER_GLOBAL_ACCENT_COLOR_NAME = AccentColor;
				CODE_SIGN_STYLE = Automatic;
				CURRENT_PROJECT_VERSION = 1;
				DEVELOPMENT_TEAM = 7UWUYJ2WNQ;
				GENERATE_INFOPLIST_FILE = YES;
				INFOPLIST_FILE = "ITunes-movie-app/Info.plist";
				INFOPLIST_KEY_UIApplicationSupportsIndirectInputEvents = YES;
				INFOPLIST_KEY_UILaunchStoryboardName = LaunchScreen;
				INFOPLIST_KEY_UISupportedInterfaceOrientations_iPad = "UIInterfaceOrientationPortrait UIInterfaceOrientationPortraitUpsideDown UIInterfaceOrientationLandscapeLeft UIInterfaceOrientationLandscapeRight";
				INFOPLIST_KEY_UISupportedInterfaceOrientations_iPhone = "UIInterfaceOrientationPortrait UIInterfaceOrientationLandscapeLeft UIInterfaceOrientationLandscapeRight";
				LD_RUNPATH_SEARCH_PATHS = (
					"$(inherited)",
					"@executable_path/Frameworks",
				);
				MARKETING_VERSION = 1.0;
				PRODUCT_BUNDLE_IDENTIFIER = "com.test.task.ITunes-movie-app";
				PRODUCT_NAME = "$(TARGET_NAME)";
				SWIFT_EMIT_LOC_STRINGS = YES;
				SWIFT_VERSION = 5.0;
				TARGETED_DEVICE_FAMILY = "1,2";
			};
			name = Release;
		};
/* End XCBuildConfiguration section */

/* Begin XCConfigurationList section */
		94993F152ADDC8740010ABF6 /* Build configuration list for PBXProject "ITunes-movie-app" */ = {
			isa = XCConfigurationList;
			buildConfigurations = (
				94993F2C2ADDC8750010ABF6 /* Debug */,
				94993F2D2ADDC8750010ABF6 /* Release */,
			);
			defaultConfigurationIsVisible = 0;
			defaultConfigurationName = Release;
		};
		94993F2E2ADDC8750010ABF6 /* Build configuration list for PBXNativeTarget "ITunes-movie-app" */ = {
			isa = XCConfigurationList;
			buildConfigurations = (
				94993F2F2ADDC8750010ABF6 /* Debug */,
				94993F302ADDC8750010ABF6 /* Release */,
			);
			defaultConfigurationIsVisible = 0;
			defaultConfigurationName = Release;
		};
/* End XCConfigurationList section */

/* Begin XCRemoteSwiftPackageReference section */
		941D1B6B2ADEADF1007842FE /* XCRemoteSwiftPackageReference "Kingfisher" */ = {
			isa = XCRemoteSwiftPackageReference;
			repositoryURL = "https://github.com/onevcat/Kingfisher.git";
			requirement = {
				kind = upToNextMajorVersion;
				minimumVersion = 7.0.0;
			};
		};
		94C1738C2AE79AC600737FA1 /* XCRemoteSwiftPackageReference "keychain-swift" */ = {
			isa = XCRemoteSwiftPackageReference;
			repositoryURL = "https://github.com/evgenyneu/keychain-swift";
			requirement = {
				kind = upToNextMajorVersion;
				minimumVersion = 20.0.0;
			};
		};
		94C1738F2AE79BAA00737FA1 /* XCRemoteSwiftPackageReference "SwiftKeychainWrapper" */ = {
			isa = XCRemoteSwiftPackageReference;
			repositoryURL = "https://github.com/jrendel/SwiftKeychainWrapper";
			requirement = {
				kind = upToNextMajorVersion;
				minimumVersion = 4.0.1;
			};
		};
/* End XCRemoteSwiftPackageReference section */

/* Begin XCSwiftPackageProductDependency section */
		941D1B6C2ADEADF1007842FE /* Kingfisher */ = {
			isa = XCSwiftPackageProductDependency;
			package = 941D1B6B2ADEADF1007842FE /* XCRemoteSwiftPackageReference "Kingfisher" */;
			productName = Kingfisher;
		};
		94C1738D2AE79AC600737FA1 /* KeychainSwift */ = {
			isa = XCSwiftPackageProductDependency;
			package = 94C1738C2AE79AC600737FA1 /* XCRemoteSwiftPackageReference "keychain-swift" */;
			productName = KeychainSwift;
		};
		94C173902AE79BAA00737FA1 /* SwiftKeychainWrapper */ = {
			isa = XCSwiftPackageProductDependency;
			package = 94C1738F2AE79BAA00737FA1 /* XCRemoteSwiftPackageReference "SwiftKeychainWrapper" */;
			productName = SwiftKeychainWrapper;
		};
/* End XCSwiftPackageProductDependency section */

/* Begin XCVersionGroup section */
		94C173982AE7B4A500737FA1 /* SavedMovieDataModel.xcdatamodeld */ = {
			isa = XCVersionGroup;
			children = (
				94C173992AE7B4A500737FA1 /* SavedMovieDataModel.xcdatamodel */,
			);
			currentVersion = 94C173992AE7B4A500737FA1 /* SavedMovieDataModel.xcdatamodel */;
			path = SavedMovieDataModel.xcdatamodeld;
			sourceTree = "<group>";
			versionGroupType = wrapper.xcdatamodel;
		};
/* End XCVersionGroup section */
	};
	rootObject = 94993F122ADDC8740010ABF6 /* Project object */;
}
